// !$*UTF8*$!
{
	archiveVersion = 1;
	classes = {
	};
	objectVersion = 56;
	objects = {

/* Begin PBXBuildFile section */
		A80ADB0F2ACB8720008F4125 /* BinaryClockApp.swift in Sources */ = {isa = PBXBuildFile; fileRef = A80ADB0E2ACB8720008F4125 /* BinaryClockApp.swift */; };
		A80ADB112ACB8720008F4125 /* ContentView.swift in Sources */ = {isa = PBXBuildFile; fileRef = A80ADB102ACB8720008F4125 /* ContentView.swift */; };
		A80ADB152ACB8721008F4125 /* Assets.xcassets in Resources */ = {isa = PBXBuildFile; fileRef = A80ADB142ACB8721008F4125 /* Assets.xcassets */; };
		A80ADB182ACB8721008F4125 /* Preview Assets.xcassets in Resources */ = {isa = PBXBuildFile; fileRef = A80ADB172ACB8721008F4125 /* Preview Assets.xcassets */; };
		A80ADB422ACB8917008F4125 /* WidgetKit.framework in Frameworks */ = {isa = PBXBuildFile; fileRef = A80ADB412ACB8916008F4125 /* WidgetKit.framework */; };
		A80ADB442ACB8917008F4125 /* SwiftUI.framework in Frameworks */ = {isa = PBXBuildFile; fileRef = A80ADB432ACB8917008F4125 /* SwiftUI.framework */; };
		A80ADB472ACB8917008F4125 /* BinaryClockWidgetBundle.swift in Sources */ = {isa = PBXBuildFile; fileRef = A80ADB462ACB8917008F4125 /* BinaryClockWidgetBundle.swift */; };
		A80ADB492ACB8917008F4125 /* BinaryClockWidget.swift in Sources */ = {isa = PBXBuildFile; fileRef = A80ADB482ACB8917008F4125 /* BinaryClockWidget.swift */; };
		A80ADB4D2ACB8917008F4125 /* Assets.xcassets in Resources */ = {isa = PBXBuildFile; fileRef = A80ADB4C2ACB8917008F4125 /* Assets.xcassets */; };
		A80ADB522ACB8917008F4125 /* BinaryClockWidgetExtension.appex in Embed Foundation Extensions */ = {isa = PBXBuildFile; fileRef = A80ADB3F2ACB8916008F4125 /* BinaryClockWidgetExtension.appex */; settings = {ATTRIBUTES = (RemoveHeadersOnCopy, ); }; };
		A8163F1D2ACDB64F001B13C7 /* ColorData.swift in Sources */ = {isa = PBXBuildFile; fileRef = A8163F1C2ACDB64F001B13C7 /* ColorData.swift */; };
		A8163F1E2ACDB64F001B13C7 /* ColorData.swift in Sources */ = {isa = PBXBuildFile; fileRef = A8163F1C2ACDB64F001B13C7 /* ColorData.swift */; };
		A83DAA032ACDC532001D3472 /* Assets.xcassets in Resources */ = {isa = PBXBuildFile; fileRef = A80ADB142ACB8721008F4125 /* Assets.xcassets */; };
		A89553FD2AF9332200D3D65D /* ColorOption.swift in Sources */ = {isa = PBXBuildFile; fileRef = A89553FC2AF9332200D3D65D /* ColorOption.swift */; };
		A89553FE2AF9332200D3D65D /* ColorOption.swift in Sources */ = {isa = PBXBuildFile; fileRef = A89553FC2AF9332200D3D65D /* ColorOption.swift */; };
/* End PBXBuildFile section */

/* Begin PBXContainerItemProxy section */
		A80ADB502ACB8917008F4125 /* PBXContainerItemProxy */ = {
			isa = PBXContainerItemProxy;
			containerPortal = A80ADB032ACB8720008F4125 /* Project object */;
			proxyType = 1;
			remoteGlobalIDString = A80ADB3E2ACB8916008F4125;
			remoteInfo = BinaryClockWidgetExtension;
		};
/* End PBXContainerItemProxy section */

/* Begin PBXCopyFilesBuildPhase section */
		A80ADB562ACB8917008F4125 /* Embed Foundation Extensions */ = {
			isa = PBXCopyFilesBuildPhase;
			buildActionMask = 2147483647;
			dstPath = "";
			dstSubfolderSpec = 13;
			files = (
				A80ADB522ACB8917008F4125 /* BinaryClockWidgetExtension.appex in Embed Foundation Extensions */,
			);
			name = "Embed Foundation Extensions";
			runOnlyForDeploymentPostprocessing = 0;
		};
		A8163F032ACDB0F2001B13C7 /* Embed Frameworks */ = {
			isa = PBXCopyFilesBuildPhase;
			buildActionMask = 2147483647;
			dstPath = "";
			dstSubfolderSpec = 10;
			files = (
			);
			name = "Embed Frameworks";
			runOnlyForDeploymentPostprocessing = 0;
		};
/* End PBXCopyFilesBuildPhase section */

/* Begin PBXFileReference section */
		A80ADB0B2ACB8720008F4125 /* BinaryClock.app */ = {isa = PBXFileReference; explicitFileType = wrapper.application; includeInIndex = 0; path = BinaryClock.app; sourceTree = BUILT_PRODUCTS_DIR; };
		A80ADB0E2ACB8720008F4125 /* BinaryClockApp.swift */ = {isa = PBXFileReference; lastKnownFileType = sourcecode.swift; path = BinaryClockApp.swift; sourceTree = "<group>"; };
		A80ADB102ACB8720008F4125 /* ContentView.swift */ = {isa = PBXFileReference; lastKnownFileType = sourcecode.swift; path = ContentView.swift; sourceTree = "<group>"; };
		A80ADB142ACB8721008F4125 /* Assets.xcassets */ = {isa = PBXFileReference; lastKnownFileType = folder.assetcatalog; path = Assets.xcassets; sourceTree = "<group>"; };
		A80ADB172ACB8721008F4125 /* Preview Assets.xcassets */ = {isa = PBXFileReference; lastKnownFileType = folder.assetcatalog; path = "Preview Assets.xcassets"; sourceTree = "<group>"; };
		A80ADB192ACB8721008F4125 /* BinaryClock.entitlements */ = {isa = PBXFileReference; lastKnownFileType = text.plist.entitlements; path = BinaryClock.entitlements; sourceTree = "<group>"; };
		A80ADB3F2ACB8916008F4125 /* BinaryClockWidgetExtension.appex */ = {isa = PBXFileReference; explicitFileType = "wrapper.app-extension"; includeInIndex = 0; path = BinaryClockWidgetExtension.appex; sourceTree = BUILT_PRODUCTS_DIR; };
		A80ADB412ACB8916008F4125 /* WidgetKit.framework */ = {isa = PBXFileReference; lastKnownFileType = wrapper.framework; name = WidgetKit.framework; path = System/Library/Frameworks/WidgetKit.framework; sourceTree = SDKROOT; };
		A80ADB432ACB8917008F4125 /* SwiftUI.framework */ = {isa = PBXFileReference; lastKnownFileType = wrapper.framework; name = SwiftUI.framework; path = System/Library/Frameworks/SwiftUI.framework; sourceTree = SDKROOT; };
		A80ADB462ACB8917008F4125 /* BinaryClockWidgetBundle.swift */ = {isa = PBXFileReference; lastKnownFileType = sourcecode.swift; path = BinaryClockWidgetBundle.swift; sourceTree = "<group>"; };
		A80ADB482ACB8917008F4125 /* BinaryClockWidget.swift */ = {isa = PBXFileReference; lastKnownFileType = sourcecode.swift; path = BinaryClockWidget.swift; sourceTree = "<group>"; };
		A80ADB4C2ACB8917008F4125 /* Assets.xcassets */ = {isa = PBXFileReference; lastKnownFileType = folder.assetcatalog; path = Assets.xcassets; sourceTree = "<group>"; };
		A80ADB4E2ACB8917008F4125 /* Info.plist */ = {isa = PBXFileReference; lastKnownFileType = text.plist.xml; path = Info.plist; sourceTree = "<group>"; };
		A80ADB4F2ACB8917008F4125 /* BinaryClockWidget.entitlements */ = {isa = PBXFileReference; lastKnownFileType = text.plist.entitlements; path = BinaryClockWidget.entitlements; sourceTree = "<group>"; };
		A8163F1C2ACDB64F001B13C7 /* ColorData.swift */ = {isa = PBXFileReference; lastKnownFileType = sourcecode.swift; path = ColorData.swift; sourceTree = "<group>"; };
		A8163F1F2ACDBD3C001B13C7 /* BinaryClockDebug.entitlements */ = {isa = PBXFileReference; lastKnownFileType = text.plist.entitlements; path = BinaryClockDebug.entitlements; sourceTree = "<group>"; };
		A8163F202ACDBD4B001B13C7 /* BinaryClockWidgetExtensionDebug.entitlements */ = {isa = PBXFileReference; lastKnownFileType = text.plist.entitlements; path = BinaryClockWidgetExtensionDebug.entitlements; sourceTree = "<group>"; };
		A89553FC2AF9332200D3D65D /* ColorOption.swift */ = {isa = PBXFileReference; lastKnownFileType = sourcecode.swift; path = ColorOption.swift; sourceTree = "<group>"; };
/* End PBXFileReference section */

/* Begin PBXFrameworksBuildPhase section */
		A80ADB082ACB8720008F4125 /* Frameworks */ = {
			isa = PBXFrameworksBuildPhase;
			buildActionMask = 2147483647;
			files = (
			);
			runOnlyForDeploymentPostprocessing = 0;
		};
		A80ADB3C2ACB8916008F4125 /* Frameworks */ = {
			isa = PBXFrameworksBuildPhase;
			buildActionMask = 2147483647;
			files = (
				A80ADB442ACB8917008F4125 /* SwiftUI.framework in Frameworks */,
				A80ADB422ACB8917008F4125 /* WidgetKit.framework in Frameworks */,
			);
			runOnlyForDeploymentPostprocessing = 0;
		};
/* End PBXFrameworksBuildPhase section */

/* Begin PBXGroup section */
		A80ADB022ACB8720008F4125 = {
			isa = PBXGroup;
			children = (
				A8163F202ACDBD4B001B13C7 /* BinaryClockWidgetExtensionDebug.entitlements */,
				A8163F1B2ACDB613001B13C7 /* BinaryClockConfig */,
				A80ADB0D2ACB8720008F4125 /* BinaryClock */,
				A80ADB452ACB8917008F4125 /* BinaryClockWidget */,
				A80ADB402ACB8916008F4125 /* Frameworks */,
				A80ADB0C2ACB8720008F4125 /* Products */,
			);
			sourceTree = "<group>";
		};
		A80ADB0C2ACB8720008F4125 /* Products */ = {
			isa = PBXGroup;
			children = (
				A80ADB0B2ACB8720008F4125 /* BinaryClock.app */,
				A80ADB3F2ACB8916008F4125 /* BinaryClockWidgetExtension.appex */,
			);
			name = Products;
			sourceTree = "<group>";
		};
		A80ADB0D2ACB8720008F4125 /* BinaryClock */ = {
			isa = PBXGroup;
			children = (
				A8163F1F2ACDBD3C001B13C7 /* BinaryClockDebug.entitlements */,
				A80ADB0E2ACB8720008F4125 /* BinaryClockApp.swift */,
				A80ADB102ACB8720008F4125 /* ContentView.swift */,
				A80ADB142ACB8721008F4125 /* Assets.xcassets */,
				A80ADB192ACB8721008F4125 /* BinaryClock.entitlements */,
				A80ADB162ACB8721008F4125 /* Preview Content */,
			);
			path = BinaryClock;
			sourceTree = "<group>";
		};
		A80ADB162ACB8721008F4125 /* Preview Content */ = {
			isa = PBXGroup;
			children = (
				A80ADB172ACB8721008F4125 /* Preview Assets.xcassets */,
			);
			path = "Preview Content";
			sourceTree = "<group>";
		};
		A80ADB402ACB8916008F4125 /* Frameworks */ = {
			isa = PBXGroup;
			children = (
				A80ADB412ACB8916008F4125 /* WidgetKit.framework */,
				A80ADB432ACB8917008F4125 /* SwiftUI.framework */,
			);
			name = Frameworks;
			sourceTree = "<group>";
		};
		A80ADB452ACB8917008F4125 /* BinaryClockWidget */ = {
			isa = PBXGroup;
			children = (
				A80ADB462ACB8917008F4125 /* BinaryClockWidgetBundle.swift */,
				A80ADB482ACB8917008F4125 /* BinaryClockWidget.swift */,
				A80ADB4C2ACB8917008F4125 /* Assets.xcassets */,
				A80ADB4E2ACB8917008F4125 /* Info.plist */,
				A80ADB4F2ACB8917008F4125 /* BinaryClockWidget.entitlements */,
			);
			path = BinaryClockWidget;
			sourceTree = "<group>";
		};
		A8163F1B2ACDB613001B13C7 /* BinaryClockConfig */ = {
			isa = PBXGroup;
			children = (
				A8163F1C2ACDB64F001B13C7 /* ColorData.swift */,
				A89553FC2AF9332200D3D65D /* ColorOption.swift */,
			);
			path = BinaryClockConfig;
			sourceTree = "<group>";
		};
/* End PBXGroup section */

/* Begin PBXNativeTarget section */
		A80ADB0A2ACB8720008F4125 /* BinaryClock */ = {
			isa = PBXNativeTarget;
			buildConfigurationList = A80ADB322ACB8721008F4125 /* Build configuration list for PBXNativeTarget "BinaryClock" */;
			buildPhases = (
				A80ADB072ACB8720008F4125 /* Sources */,
				A80ADB082ACB8720008F4125 /* Frameworks */,
				A80ADB092ACB8720008F4125 /* Resources */,
				A80ADB562ACB8917008F4125 /* Embed Foundation Extensions */,
				A8163F032ACDB0F2001B13C7 /* Embed Frameworks */,
			);
			buildRules = (
			);
			dependencies = (
				A80ADB512ACB8917008F4125 /* PBXTargetDependency */,
			);
			name = BinaryClock;
			productName = BinaryClock;
			productReference = A80ADB0B2ACB8720008F4125 /* BinaryClock.app */;
			productType = "com.apple.product-type.application";
		};
		A80ADB3E2ACB8916008F4125 /* BinaryClockWidgetExtension */ = {
			isa = PBXNativeTarget;
			buildConfigurationList = A80ADB532ACB8917008F4125 /* Build configuration list for PBXNativeTarget "BinaryClockWidgetExtension" */;
			buildPhases = (
				A80ADB3B2ACB8916008F4125 /* Sources */,
				A80ADB3C2ACB8916008F4125 /* Frameworks */,
				A80ADB3D2ACB8916008F4125 /* Resources */,
			);
			buildRules = (
			);
			dependencies = (
			);
			name = BinaryClockWidgetExtension;
			productName = BinaryClockWidgetExtension;
			productReference = A80ADB3F2ACB8916008F4125 /* BinaryClockWidgetExtension.appex */;
			productType = "com.apple.product-type.app-extension";
		};
/* End PBXNativeTarget section */

/* Begin PBXProject section */
		A80ADB032ACB8720008F4125 /* Project object */ = {
			isa = PBXProject;
			attributes = {
				BuildIndependentTargetsInParallel = 1;
				LastSwiftUpdateCheck = 1500;
				LastUpgradeCheck = 1500;
				TargetAttributes = {
					A80ADB0A2ACB8720008F4125 = {
						CreatedOnToolsVersion = 15.0;
					};
					A80ADB3E2ACB8916008F4125 = {
						CreatedOnToolsVersion = 15.0;
					};
				};
			};
			buildConfigurationList = A80ADB062ACB8720008F4125 /* Build configuration list for PBXProject "BinaryClock" */;
			compatibilityVersion = "Xcode 14.0";
			developmentRegion = en;
			hasScannedForEncodings = 0;
			knownRegions = (
				en,
				Base,
			);
			mainGroup = A80ADB022ACB8720008F4125;
			productRefGroup = A80ADB0C2ACB8720008F4125 /* Products */;
			projectDirPath = "";
			projectRoot = "";
			targets = (
				A80ADB0A2ACB8720008F4125 /* BinaryClock */,
				A80ADB3E2ACB8916008F4125 /* BinaryClockWidgetExtension */,
			);
		};
/* End PBXProject section */

/* Begin PBXResourcesBuildPhase section */
		A80ADB092ACB8720008F4125 /* Resources */ = {
			isa = PBXResourcesBuildPhase;
			buildActionMask = 2147483647;
			files = (
				A80ADB182ACB8721008F4125 /* Preview Assets.xcassets in Resources */,
				A80ADB152ACB8721008F4125 /* Assets.xcassets in Resources */,
			);
			runOnlyForDeploymentPostprocessing = 0;
		};
		A80ADB3D2ACB8916008F4125 /* Resources */ = {
			isa = PBXResourcesBuildPhase;
			buildActionMask = 2147483647;
			files = (
				A83DAA032ACDC532001D3472 /* Assets.xcassets in Resources */,
				A80ADB4D2ACB8917008F4125 /* Assets.xcassets in Resources */,
			);
			runOnlyForDeploymentPostprocessing = 0;
		};
/* End PBXResourcesBuildPhase section */

/* Begin PBXSourcesBuildPhase section */
		A80ADB072ACB8720008F4125 /* Sources */ = {
			isa = PBXSourcesBuildPhase;
			buildActionMask = 2147483647;
			files = (
				A89553FD2AF9332200D3D65D /* ColorOption.swift in Sources */,
				A80ADB112ACB8720008F4125 /* ContentView.swift in Sources */,
				A80ADB0F2ACB8720008F4125 /* BinaryClockApp.swift in Sources */,
				A8163F1D2ACDB64F001B13C7 /* ColorData.swift in Sources */,
			);
			runOnlyForDeploymentPostprocessing = 0;
		};
		A80ADB3B2ACB8916008F4125 /* Sources */ = {
			isa = PBXSourcesBuildPhase;
			buildActionMask = 2147483647;
			files = (
				A89553FE2AF9332200D3D65D /* ColorOption.swift in Sources */,
				A80ADB472ACB8917008F4125 /* BinaryClockWidgetBundle.swift in Sources */,
				A80ADB492ACB8917008F4125 /* BinaryClockWidget.swift in Sources */,
				A8163F1E2ACDB64F001B13C7 /* ColorData.swift in Sources */,
			);
			runOnlyForDeploymentPostprocessing = 0;
		};
/* End PBXSourcesBuildPhase section */

/* Begin PBXTargetDependency section */
		A80ADB512ACB8917008F4125 /* PBXTargetDependency */ = {
			isa = PBXTargetDependency;
			target = A80ADB3E2ACB8916008F4125 /* BinaryClockWidgetExtension */;
			targetProxy = A80ADB502ACB8917008F4125 /* PBXContainerItemProxy */;
		};
/* End PBXTargetDependency section */

/* Begin XCBuildConfiguration section */
		A80ADB302ACB8721008F4125 /* Debug */ = {
			isa = XCBuildConfiguration;
			buildSettings = {
				ALWAYS_SEARCH_USER_PATHS = NO;
				ASSETCATALOG_COMPILER_GENERATE_SWIFT_ASSET_SYMBOL_EXTENSIONS = YES;
				CLANG_ANALYZER_NONNULL = YES;
				CLANG_ANALYZER_NUMBER_OBJECT_CONVERSION = YES_AGGRESSIVE;
				CLANG_CXX_LANGUAGE_STANDARD = "gnu++20";
				CLANG_ENABLE_MODULES = YES;
				CLANG_ENABLE_OBJC_ARC = YES;
				CLANG_ENABLE_OBJC_WEAK = YES;
				CLANG_WARN_BLOCK_CAPTURE_AUTORELEASING = YES;
				CLANG_WARN_BOOL_CONVERSION = YES;
				CLANG_WARN_COMMA = YES;
				CLANG_WARN_CONSTANT_CONVERSION = YES;
				CLANG_WARN_DEPRECATED_OBJC_IMPLEMENTATIONS = YES;
				CLANG_WARN_DIRECT_OBJC_ISA_USAGE = YES_ERROR;
				CLANG_WARN_DOCUMENTATION_COMMENTS = YES;
				CLANG_WARN_EMPTY_BODY = YES;
				CLANG_WARN_ENUM_CONVERSION = YES;
				CLANG_WARN_INFINITE_RECURSION = YES;
				CLANG_WARN_INT_CONVERSION = YES;
				CLANG_WARN_NON_LITERAL_NULL_CONVERSION = YES;
				CLANG_WARN_OBJC_IMPLICIT_RETAIN_SELF = YES;
				CLANG_WARN_OBJC_LITERAL_CONVERSION = YES;
				CLANG_WARN_OBJC_ROOT_CLASS = YES_ERROR;
				CLANG_WARN_QUOTED_INCLUDE_IN_FRAMEWORK_HEADER = YES;
				CLANG_WARN_RANGE_LOOP_ANALYSIS = YES;
				CLANG_WARN_STRICT_PROTOTYPES = YES;
				CLANG_WARN_SUSPICIOUS_MOVE = YES;
				CLANG_WARN_UNGUARDED_AVAILABILITY = YES_AGGRESSIVE;
				CLANG_WARN_UNREACHABLE_CODE = YES;
				CLANG_WARN__DUPLICATE_METHOD_MATCH = YES;
				COPY_PHASE_STRIP = NO;
				DEBUG_INFORMATION_FORMAT = dwarf;
				ENABLE_STRICT_OBJC_MSGSEND = YES;
				ENABLE_TESTABILITY = YES;
				ENABLE_USER_SCRIPT_SANDBOXING = YES;
				GCC_C_LANGUAGE_STANDARD = gnu17;
				GCC_DYNAMIC_NO_PIC = NO;
				GCC_NO_COMMON_BLOCKS = YES;
				GCC_OPTIMIZATION_LEVEL = 0;
				GCC_PREPROCESSOR_DEFINITIONS = (
					"DEBUG=1",
					"$(inherited)",
				);
				GCC_WARN_64_TO_32_BIT_CONVERSION = YES;
				GCC_WARN_ABOUT_RETURN_TYPE = YES_ERROR;
				GCC_WARN_UNDECLARED_SELECTOR = YES;
				GCC_WARN_UNINITIALIZED_AUTOS = YES_AGGRESSIVE;
				GCC_WARN_UNUSED_FUNCTION = YES;
				GCC_WARN_UNUSED_VARIABLE = YES;
				LOCALIZATION_PREFERS_STRING_CATALOGS = YES;
				MACOSX_DEPLOYMENT_TARGET = 14.0;
				MTL_ENABLE_DEBUG_INFO = INCLUDE_SOURCE;
				MTL_FAST_MATH = YES;
				ONLY_ACTIVE_ARCH = YES;
				SDKROOT = macosx;
				SWIFT_ACTIVE_COMPILATION_CONDITIONS = "DEBUG $(inherited)";
				SWIFT_OPTIMIZATION_LEVEL = "-Onone";
			};
			name = Debug;
		};
		A80ADB312ACB8721008F4125 /* Release */ = {
			isa = XCBuildConfiguration;
			buildSettings = {
				ALWAYS_SEARCH_USER_PATHS = NO;
				ASSETCATALOG_COMPILER_GENERATE_SWIFT_ASSET_SYMBOL_EXTENSIONS = YES;
				CLANG_ANALYZER_NONNULL = YES;
				CLANG_ANALYZER_NUMBER_OBJECT_CONVERSION = YES_AGGRESSIVE;
				CLANG_CXX_LANGUAGE_STANDARD = "gnu++20";
				CLANG_ENABLE_MODULES = YES;
				CLANG_ENABLE_OBJC_ARC = YES;
				CLANG_ENABLE_OBJC_WEAK = YES;
				CLANG_WARN_BLOCK_CAPTURE_AUTORELEASING = YES;
				CLANG_WARN_BOOL_CONVERSION = YES;
				CLANG_WARN_COMMA = YES;
				CLANG_WARN_CONSTANT_CONVERSION = YES;
				CLANG_WARN_DEPRECATED_OBJC_IMPLEMENTATIONS = YES;
				CLANG_WARN_DIRECT_OBJC_ISA_USAGE = YES_ERROR;
				CLANG_WARN_DOCUMENTATION_COMMENTS = YES;
				CLANG_WARN_EMPTY_BODY = YES;
				CLANG_WARN_ENUM_CONVERSION = YES;
				CLANG_WARN_INFINITE_RECURSION = YES;
				CLANG_WARN_INT_CONVERSION = YES;
				CLANG_WARN_NON_LITERAL_NULL_CONVERSION = YES;
				CLANG_WARN_OBJC_IMPLICIT_RETAIN_SELF = YES;
				CLANG_WARN_OBJC_LITERAL_CONVERSION = YES;
				CLANG_WARN_OBJC_ROOT_CLASS = YES_ERROR;
				CLANG_WARN_QUOTED_INCLUDE_IN_FRAMEWORK_HEADER = YES;
				CLANG_WARN_RANGE_LOOP_ANALYSIS = YES;
				CLANG_WARN_STRICT_PROTOTYPES = YES;
				CLANG_WARN_SUSPICIOUS_MOVE = YES;
				CLANG_WARN_UNGUARDED_AVAILABILITY = YES_AGGRESSIVE;
				CLANG_WARN_UNREACHABLE_CODE = YES;
				CLANG_WARN__DUPLICATE_METHOD_MATCH = YES;
				COPY_PHASE_STRIP = NO;
				DEBUG_INFORMATION_FORMAT = "dwarf-with-dsym";
				ENABLE_NS_ASSERTIONS = NO;
				ENABLE_STRICT_OBJC_MSGSEND = YES;
				ENABLE_USER_SCRIPT_SANDBOXING = YES;
				GCC_C_LANGUAGE_STANDARD = gnu17;
				GCC_NO_COMMON_BLOCKS = YES;
				GCC_WARN_64_TO_32_BIT_CONVERSION = YES;
				GCC_WARN_ABOUT_RETURN_TYPE = YES_ERROR;
				GCC_WARN_UNDECLARED_SELECTOR = YES;
				GCC_WARN_UNINITIALIZED_AUTOS = YES_AGGRESSIVE;
				GCC_WARN_UNUSED_FUNCTION = YES;
				GCC_WARN_UNUSED_VARIABLE = YES;
				LOCALIZATION_PREFERS_STRING_CATALOGS = YES;
				MACOSX_DEPLOYMENT_TARGET = 14.0;
				MTL_ENABLE_DEBUG_INFO = NO;
				MTL_FAST_MATH = YES;
				SDKROOT = macosx;
				SWIFT_COMPILATION_MODE = wholemodule;
			};
			name = Release;
		};
		A80ADB332ACB8721008F4125 /* Debug */ = {
			isa = XCBuildConfiguration;
			buildSettings = {
				ALWAYS_EMBED_SWIFT_STANDARD_LIBRARIES = YES;
				ASSETCATALOG_COMPILER_APPICON_NAME = AppIcon;
				ASSETCATALOG_COMPILER_GLOBAL_ACCENT_COLOR_NAME = AccentColor;
				ASSETCATALOG_COMPILER_INCLUDE_ALL_APPICON_ASSETS = YES;
				CODE_SIGN_ENTITLEMENTS = BinaryClock/BinaryClockDebug.entitlements;
				"CODE_SIGN_IDENTITY[sdk=macosx*]" = "Apple Development";
				CODE_SIGN_STYLE = Automatic;
				COMBINE_HIDPI_IMAGES = YES;
				CURRENT_PROJECT_VERSION = 1;
				DEVELOPMENT_ASSET_PATHS = "\"BinaryClock/Preview Content\"";
				DEVELOPMENT_TEAM = HK5D8DL6RQ;
				ENABLE_HARDENED_RUNTIME = YES;
				ENABLE_PREVIEWS = YES;
				GENERATE_INFOPLIST_FILE = YES;
				INFOPLIST_KEY_CFBundleDisplayName = "Binary Clock";
				INFOPLIST_KEY_LSApplicationCategoryType = "public.app-category.utilities";
				INFOPLIST_KEY_NSHumanReadableCopyright = "";
				LD_RUNPATH_SEARCH_PATHS = (
					"$(inherited)",
					"@executable_path/../Frameworks",
				);
				MACOSX_DEPLOYMENT_TARGET = 14.0;
				MARKETING_VERSION = 1.0;
				PRODUCT_BUNDLE_IDENTIFIER = me.chnu.BinaryClock;
				PRODUCT_NAME = "$(TARGET_NAME)";
				SWIFT_EMIT_LOC_STRINGS = YES;
				SWIFT_VERSION = 5.0;
			};
			name = Debug;
		};
		A80ADB342ACB8721008F4125 /* Release */ = {
			isa = XCBuildConfiguration;
			buildSettings = {
				ALWAYS_EMBED_SWIFT_STANDARD_LIBRARIES = YES;
				ASSETCATALOG_COMPILER_APPICON_NAME = AppIcon;
				ASSETCATALOG_COMPILER_GLOBAL_ACCENT_COLOR_NAME = AccentColor;
				ASSETCATALOG_COMPILER_INCLUDE_ALL_APPICON_ASSETS = YES;
				CODE_SIGN_ENTITLEMENTS = BinaryClock/BinaryClock.entitlements;
				"CODE_SIGN_IDENTITY[sdk=macosx*]" = "Apple Development";
				CODE_SIGN_STYLE = Automatic;
				COMBINE_HIDPI_IMAGES = YES;
				CURRENT_PROJECT_VERSION = 1;
				DEVELOPMENT_ASSET_PATHS = "\"BinaryClock/Preview Content\"";
				DEVELOPMENT_TEAM = HK5D8DL6RQ;
				ENABLE_HARDENED_RUNTIME = YES;
				ENABLE_PREVIEWS = YES;
				GENERATE_INFOPLIST_FILE = YES;
				INFOPLIST_KEY_CFBundleDisplayName = "Binary Clock";
				INFOPLIST_KEY_LSApplicationCategoryType = "public.app-category.utilities";
				INFOPLIST_KEY_NSHumanReadableCopyright = "";
				LD_RUNPATH_SEARCH_PATHS = (
					"$(inherited)",
					"@executable_path/../Frameworks",
				);
				MACOSX_DEPLOYMENT_TARGET = 14.0;
				MARKETING_VERSION = 1.0;
				PRODUCT_BUNDLE_IDENTIFIER = me.chnu.BinaryClock;
				PRODUCT_NAME = "$(TARGET_NAME)";
				SWIFT_EMIT_LOC_STRINGS = YES;
				SWIFT_VERSION = 5.0;
			};
			name = Release;
		};
		A80ADB542ACB8917008F4125 /* Debug */ = {
			isa = XCBuildConfiguration;
			buildSettings = {
				ASSETCATALOG_COMPILER_GLOBAL_ACCENT_COLOR_NAME = AccentColor;
				ASSETCATALOG_COMPILER_WIDGET_BACKGROUND_COLOR_NAME = WidgetBackground;
				CODE_SIGN_ENTITLEMENTS = BinaryClockWidgetExtensionDebug.entitlements;
				"CODE_SIGN_IDENTITY[sdk=macosx*]" = "Apple Development";
				CODE_SIGN_STYLE = Automatic;
				CURRENT_PROJECT_VERSION = 1;
				DEVELOPMENT_TEAM = HK5D8DL6RQ;
				ENABLE_HARDENED_RUNTIME = YES;
				GENERATE_INFOPLIST_FILE = YES;
				INFOPLIST_FILE = BinaryClockWidget/Info.plist;
				INFOPLIST_KEY_CFBundleDisplayName = BinaryClockWidget;
				INFOPLIST_KEY_NSHumanReadableCopyright = "";
				LD_RUNPATH_SEARCH_PATHS = (
					"$(inherited)",
					"@executable_path/../Frameworks",
					"@executable_path/../../../../Frameworks",
				);
				MACOSX_DEPLOYMENT_TARGET = 14.0;
				MARKETING_VERSION = 1.0;
				PRODUCT_BUNDLE_IDENTIFIER = me.chnu.BinaryClock.BinaryClockWidget;
				PRODUCT_NAME = "$(TARGET_NAME)";
				SKIP_INSTALL = YES;
				SWIFT_EMIT_LOC_STRINGS = YES;
				SWIFT_VERSION = 5.0;
			};
			name = Debug;
		};
		A80ADB552ACB8917008F4125 /* Release */ = {
			isa = XCBuildConfiguration;
			buildSettings = {
				ASSETCATALOG_COMPILER_GLOBAL_ACCENT_COLOR_NAME = AccentColor;
				ASSETCATALOG_COMPILER_WIDGET_BACKGROUND_COLOR_NAME = WidgetBackground;
				CODE_SIGN_ENTITLEMENTS = BinaryClockWidget/BinaryClockWidget.entitlements;
				"CODE_SIGN_IDENTITY[sdk=macosx*]" = "Apple Development";
				CODE_SIGN_STYLE = Automatic;
				CURRENT_PROJECT_VERSION = 1;
				DEVELOPMENT_TEAM = HK5D8DL6RQ;
				ENABLE_HARDENED_RUNTIME = YES;
				GENERATE_INFOPLIST_FILE = YES;
				INFOPLIST_FILE = BinaryClockWidget/Info.plist;
				INFOPLIST_KEY_CFBundleDisplayName = BinaryClockWidget;
				INFOPLIST_KEY_NSHumanReadableCopyright = "";
				LD_RUNPATH_SEARCH_PATHS = (
					"$(inherited)",
					"@executable_path/../Frameworks",
					"@executable_path/../../../../Frameworks",
				);
				MACOSX_DEPLOYMENT_TARGET = 14.0;
				MARKETING_VERSION = 1.0;
				PRODUCT_BUNDLE_IDENTIFIER = me.chnu.BinaryClock.BinaryClockWidget;
				PRODUCT_NAME = "$(TARGET_NAME)";
				SKIP_INSTALL = YES;
				SWIFT_EMIT_LOC_STRINGS = YES;
				SWIFT_VERSION = 5.0;
			};
			name = Release;
		};
/* End XCBuildConfiguration section */

/* Begin XCConfigurationList section */
		A80ADB062ACB8720008F4125 /* Build configuration list for PBXProject "BinaryClock" */ = {
			isa = XCConfigurationList;
			buildConfigurations = (
				A80ADB302ACB8721008F4125 /* Debug */,
				A80ADB312ACB8721008F4125 /* Release */,
			);
			defaultConfigurationIsVisible = 0;
			defaultConfigurationName = Release;
		};
		A80ADB322ACB8721008F4125 /* Build configuration list for PBXNativeTarget "BinaryClock" */ = {
			isa = XCConfigurationList;
			buildConfigurations = (
				A80ADB332ACB8721008F4125 /* Debug */,
				A80ADB342ACB8721008F4125 /* Release */,
			);
			defaultConfigurationIsVisible = 0;
			defaultConfigurationName = Release;
		};
		A80ADB532ACB8917008F4125 /* Build configuration list for PBXNativeTarget "BinaryClockWidgetExtension" */ = {
			isa = XCConfigurationList;
			buildConfigurations = (
				A80ADB542ACB8917008F4125 /* Debug */,
				A80ADB552ACB8917008F4125 /* Release */,
			);
			defaultConfigurationIsVisible = 0;
			defaultConfigurationName = Release;
		};
/* End XCConfigurationList section */
	};
	rootObject = A80ADB032ACB8720008F4125 /* Project object */;
}
